
Microsoft Visual Studio Solution File, Format Version 12.00
# Visual Studio Version 17
VisualStudioVersion = 17.3.32929.385
MinimumVisualStudioVersion = 10.0.40219.1
Project("{9A19103F-16F7-4668-BE54-9A1E7A4F7556}") = "DeveloperTest.WebApi", "DeveloperTest.WebApi\DeveloperTest.WebApi.csproj", "{F705E4C4-1460-4914-B495-D5EA3931FDEC}"
EndProject
Project("{9A19103F-16F7-4668-BE54-9A1E7A4F7556}") = "DeveloperTest.Domain", "DeveloperTest.Domain\DeveloperTest.Domain.csproj", "{D12276D1-4311-421A-AC2F-52CCFFBDDAD8}"
EndProject
Project("{9A19103F-16F7-4668-BE54-9A1E7A4F7556}") = "DeveloperTest.Application", "DeveloperTest.Application\DeveloperTest.Application.csproj", "{58D77D65-E29A-483A-B8C5-27ABA1FEE3D2}"
EndProject
Project("{2150E333-8FDC-42A3-9474-1A3956D46DE8}") = "Tests", "Tests", "{CA3491CB-C91C-40E9-82FC-23C22AB4D185}"
EndProject
Project("{9A19103F-16F7-4668-BE54-9A1E7A4F7556}") = "DeveloperTest.Application.UnitTests", "DeveloperTest.Application.UnitTests\DeveloperTest.Application.UnitTests.csproj", "{10D64162-FE8D-4FDF-ADB4-FD7471BA64A9}"
EndProject
Project("{9A19103F-16F7-4668-BE54-9A1E7A4F7556}") = "DeveloperTest.Domain.UnitTests", "DeveloperTest.Domain.UnitTests\DeveloperTest.Domain.UnitTests.csproj", "{3B3CDCAF-EC52-466B-80CE-E874C6C17745}"
EndProject
Project("{2150E333-8FDC-42A3-9474-1A3956D46DE8}") = "Solution Items", "Solution Items", "{62F79CC7-95A4-4F58-A22D-42C13E3D7772}"
	ProjectSection(SolutionItems) = preProject
		.gitignore = .gitignore
	EndProjectSection
EndProject
Global
	GlobalSection(SolutionConfigurationPlatforms) = preSolution
		Debug|Any CPU = Debug|Any CPU
		Release|Any CPU = Release|Any CPU
	EndGlobalSection
	GlobalSection(ProjectConfigurationPlatforms) = postSolution
		{F705E4C4-1460-4914-B495-D5EA3931FDEC}.Debug|Any CPU.ActiveCfg = Debug|Any CPU
		{F705E4C4-1460-4914-B495-D5EA3931FDEC}.Debug|Any CPU.Build.0 = Debug|Any CPU
		{F705E4C4-1460-4914-B495-D5EA3931FDEC}.Release|Any CPU.ActiveCfg = Release|Any CPU
		{F705E4C4-1460-4914-B495-D5EA3931FDEC}.Release|Any CPU.Build.0 = Release|Any CPU
		{D12276D1-4311-421A-AC2F-52CCFFBDDAD8}.Debug|Any CPU.ActiveCfg = Debug|Any CPU
		{D12276D1-4311-421A-AC2F-52CCFFBDDAD8}.Debug|Any CPU.Build.0 = Debug|Any CPU
		{D12276D1-4311-421A-AC2F-52CCFFBDDAD8}.Release|Any CPU.ActiveCfg = Release|Any CPU
		{D12276D1-4311-421A-AC2F-52CCFFBDDAD8}.Release|Any CPU.Build.0 = Release|Any CPU
		{58D77D65-E29A-483A-B8C5-27ABA1FEE3D2}.Debug|Any CPU.ActiveCfg = Debug|Any CPU
		{58D77D65-E29A-483A-B8C5-27ABA1FEE3D2}.Debug|Any CPU.Build.0 = Debug|Any CPU
		{58D77D65-E29A-483A-B8C5-27ABA1FEE3D2}.Release|Any CPU.ActiveCfg = Release|Any CPU
		{58D77D65-E29A-483A-B8C5-27ABA1FEE3D2}.Release|Any CPU.Build.0 = Release|Any CPU
		{10D64162-FE8D-4FDF-ADB4-FD7471BA64A9}.Debug|Any CPU.ActiveCfg = Debug|Any CPU
		{10D64162-FE8D-4FDF-ADB4-FD7471BA64A9}.Debug|Any CPU.Build.0 = Debug|Any CPU
		{10D64162-FE8D-4FDF-ADB4-FD7471BA64A9}.Release|Any CPU.ActiveCfg = Release|Any CPU
		{10D64162-FE8D-4FDF-ADB4-FD7471BA64A9}.Release|Any CPU.Build.0 = Release|Any CPU
		{3B3CDCAF-EC52-466B-80CE-E874C6C17745}.Debug|Any CPU.ActiveCfg = Debug|Any CPU
		{3B3CDCAF-EC52-466B-80CE-E874C6C17745}.Debug|Any CPU.Build.0 = Debug|Any CPU
		{3B3CDCAF-EC52-466B-80CE-E874C6C17745}.Release|Any CPU.ActiveCfg = Release|Any CPU
		{3B3CDCAF-EC52-466B-80CE-E874C6C17745}.Release|Any CPU.Build.0 = Release|Any CPU
	EndGlobalSection
	GlobalSection(SolutionProperties) = preSolution
		HideSolutionNode = FALSE
	EndGlobalSection
	GlobalSection(NestedProjects) = preSolution
		{10D64162-FE8D-4FDF-ADB4-FD7471BA64A9} = {CA3491CB-C91C-40E9-82FC-23C22AB4D185}
		{3B3CDCAF-EC52-466B-80CE-E874C6C17745} = {CA3491CB-C91C-40E9-82FC-23C22AB4D185}
	EndGlobalSection
	GlobalSection(ExtensibilityGlobals) = postSolution
		SolutionGuid = {BCDD9DD6-D423-48D4-BF2E-67533CADECAD}
	EndGlobalSection
EndGlobal
